
Microsoft Visual Studio Solution File, Format Version 12.00
# Visual Studio 15
VisualStudioVersion = 15.0.26430.13
MinimumVisualStudioVersion = 10.0.40219.1
Project("{FAE04EC0-301F-11D3-BF4B-00C04F79EFBC}") = "RyanPenfold.Backup.UI.Windows", "RyanPenfold.Backup.UI.Windows\RyanPenfold.Backup.UI.Windows.csproj", "{CC0959AF-7219-4563-968C-11DD189734C0}"
EndProject
Project("{FAE04EC0-301F-11D3-BF4B-00C04F79EFBC}") = "RyanPenfold.Utilities", "..\..\utilities\net45\RyanPenfold.Utilities\RyanPenfold.Utilities.csproj", "{B74CC041-EA6D-4E3E-A311-E812B303CD59}"
EndProject
Global
	GlobalSection(SolutionConfigurationPlatforms) = preSolution
		Debug|Any CPU = Debug|Any CPU
		Release|Any CPU = Release|Any CPU
	EndGlobalSection
	GlobalSection(ProjectConfigurationPlatforms) = postSolution
		{CC0959AF-7219-4563-968C-11DD189734C0}.Debug|Any CPU.ActiveCfg = Debug|Any CPU
		{CC0959AF-7219-4563-968C-11DD189734C0}.Debug|Any CPU.Build.0 = Debug|Any CPU
		{CC0959AF-7219-4563-968C-11DD189734C0}.Release|Any CPU.ActiveCfg = Release|Any CPU
		{CC0959AF-7219-4563-968C-11DD189734C0}.Release|Any CPU.Build.0 = Release|Any CPU
		{B74CC041-EA6D-4E3E-A311-E812B303CD59}.Debug|Any CPU.ActiveCfg = Debug|Any CPU
		{B74CC041-EA6D-4E3E-A311-E812B303CD59}.Debug|Any CPU.Build.0 = Debug|Any CPU
		{B74CC041-EA6D-4E3E-A311-E812B303CD59}.Release|Any CPU.ActiveCfg = Release|Any CPU
		{B74CC041-EA6D-4E3E-A311-E812B303CD59}.Release|Any CPU.Build.0 = Release|Any CPU
	EndGlobalSection
	GlobalSection(SolutionProperties) = preSolution
		HideSolutionNode = FALSE
	EndGlobalSection
EndGlobal
